<?xml version="1.0" encoding="UTF-8" standalone="yes" ?>
<CodeBlocks_project_file>
	<FileVersion major="1" minor="6" />
	<Project>
		<Option title="uosbase" />
		<Option platforms="Unix;" />
		<Option pch_mode="2" />
		<Option compiler="gcc" />
		<Build>
			<Target title="Debug">
				<Option output="bin/Debug/uosbase" prefix_auto="1" extension_auto="1" />
				<Option object_output="obj/Debug/" />
				<Option type="1" />
				<Option compiler="gcc" />
				<Compiler>
					<Add option="-g" />
				</Compiler>
				<Linker>
					<Add library="pthread" />
				</Linker>
			</Target>
			<Target title="Release">
				<Option output="bin/Release/uosbase" prefix_auto="1" extension_auto="1" />
				<Option object_output="obj/Release/" />
				<Option type="1" />
				<Option compiler="gcc" />
				<Compiler>
					<Add option="-O2" />
				</Compiler>
				<Linker>
					<Add option="-s" />
				</Linker>
			</Target>
		</Build>
		<Compiler>
			<Add option="-Wall" />
			<Add option="-fexceptions" />
		</Compiler>
		<Unit filename="OperationCode.h">
			<Option target="Debug" />
		</Unit>
		<Unit filename="logger.cpp">
			<Option target="Debug" />
		</Unit>
		<Unit filename="logger.h">
			<Option target="Debug" />
		</Unit>
		<Unit filename="main.cpp">
			<Option target="Debug" />
		</Unit>
		<Unit filename="mutex.cpp">
			<Option target="Debug" />
		</Unit>
		<Unit filename="mutex.h">
			<Option target="Debug" />
		</Unit>
		<Unit filename="socket.cpp">
			<Option target="Debug" />
		</Unit>
		<Unit filename="socket.h">
			<Option target="Debug" />
		</Unit>
		<Unit filename="thread.cpp">
			<Option target="Debug" />
		</Unit>
		<Unit filename="thread.h">
			<Option target="Debug" />
		</Unit>
		<Unit filename="uosdef.h">
			<Option target="Debug" />
		</Unit>
		<Extensions>
			<code_completion />
			<debugger />
		</Extensions>
	</Project>
</CodeBlocks_project_file>
